<?xml version="1.0" encoding="UTF-8" standalone="yes" ?>
<CodeBlocks_project_file>
	<FileVersion major="1" minor="6" />
	<Project>
		<Option title="lplex" />
		<Option pch_mode="2" />
		<Option compiler="gcc" />
		<Build>
			<Target title="Debug">
				<Option output="bin/Debug/lplex" prefix_auto="1" extension_auto="1" />
				<Option object_output="obj/Debug/" />
				<Option type="1" />
				<Option compiler="gcc" />
				<Compiler>
					<Add option="-Weffc++" />
					<Add option="-m64" />
					<Add option="-g" />
				</Compiler>
				<Linker>
					<Add option="-m64" />
				</Linker>
			</Target>
			<Target title="Release">
				<Option output="bin/Release/lplex" prefix_auto="1" extension_auto="1" />
				<Option object_output="obj/Release/" />
				<Option type="1" />
				<Option compiler="gcc" />
				<Compiler>
					<Add option="-O2" />
				</Compiler>
				<Linker>
					<Add option="-s" />
				</Linker>
			</Target>
		</Build>
		<Compiler>
			<Add option="-fexceptions" />
			<Add option="-std=c++17" />
			<Add option="-march=core-avx2" />
			<Add directory="../../src" />
			<Add directory="../../redist" />
			<Add directory="../../redist/md5" />
			<Add directory="../../patch" />
			<Add directory="../../../lplex-0.3" />
		</Compiler>
		<Linker>
			<Add option="-lFLAC" />
			<Add option="-lFLAC++" />
			<Add option="-ldvdread" />
		</Linker>
		<Unit filename="../../config.h" />
		<Unit filename="../../patch/udflist.h" />
		<Unit filename="../../redist/lplex_precompile.h" />
		<Unit filename="../../redist/md5/md5.c">
			<Option compilerVar="CC" />
		</Unit>
		<Unit filename="../../redist/md5/md5.h" />
		<Unit filename="../../redist/vlc_bits.h" />
		<Unit filename="../../src/color.h" />
		<Unit filename="../../src/desktop/lplex.rc">
			<Option target="&lt;{~None~}&gt;" />
		</Unit>
		<Unit filename="../../src/dvd.cpp" />
		<Unit filename="../../src/dvd.hpp" />
		<Unit filename="../../src/exec.cpp" />
		<Unit filename="../../src/flac.cpp" />
		<Unit filename="../../src/flac.hpp" />
		<Unit filename="../../src/jobs.hpp" />
		<Unit filename="../../src/layout.cpp" />
		<Unit filename="../../src/lgzip.cpp" />
		<Unit filename="../../src/lpcm.cpp" />
		<Unit filename="../../src/lpcm.hpp" />
		<Unit filename="../../src/lplex.cpp" />
		<Unit filename="../../src/lplex.hpp" />
		<Unit filename="../../src/main.cpp" />
		<Unit filename="../../src/platform.h" />
		<Unit filename="../../src/processor.hpp" />
		<Unit filename="../../src/reader.cpp" />
		<Unit filename="../../src/util.cpp" />
		<Unit filename="../../src/util.h" />
		<Unit filename="../../src/video.cpp" />
		<Unit filename="../../src/writer.cpp" />
		<Unit filename="../../src/wx.cpp" />
		<Unit filename="../../src/wx.hpp" />
		<Extensions>
			<code_completion />
			<debugger />
		</Extensions>
	</Project>
</CodeBlocks_project_file>
