<?xml version="1.0" encoding="UTF-8" standalone="yes" ?>
<CodeBlocks_project_file>
	<FileVersion major="1" minor="6" />
	<Project>
		<Option title="dvda-author" />
		<Option pch_mode="2" />
		<Option compiler="gcc" />
		<Option show_notes="0">
			<notes>
				<![CDATA[
-g ~/test2496.wav ~/test2496.wav ~/test2496.wav ~/test2496.wav ~/ref2.wav ~/ref2.wav  -t --workdir ~/Dev/test --topmenu --stillpics /home/fab/impic.jpg,/home/fab/impic2.jpg,/home/fab/impic.jpg,/home/fab/A.jpg,/home/fab/B.jpg,/home/fab/C.jpg --soundtrack ~/Dev/dvda-author-09.07-dev/menu/silence.wav --background ~/Dev/dvda-author-09.07-dev/menu/black_PAL_720x576.jpg

--screentext newalbum="groupe A"="piste 1","piste2":"groupe B"="piste 3"," piste 4",


stilloptions   start=1
               starteffect=fade
               lag=5
               endeffect=dissolve

               start=15
               starteffect=fade
               lag=5
               endeffect=fade

               start=25
               starteffect=fade
               lag=5

               start=40
               starteffect=fade

               start=1
               starteffect=fade

               start=20
               starteffect=fade

               start=1
               starteffect=fade

               start=20
               starteffect=fade



-g ~/a.wav  ~/a.wav -z ~/a.wav --stillpics ~/A.jpg,/home/fab/B.jpg,/home/fab/C.jpg,/home/fab/A.jpg-/home/fab/A.jpg,/home/fab/B.jpg-/home/fab/C.jpg,/home/fab/A.jpg -d -o ~/test2 -d --stilloptions rank=0,start=1,rank=1,start=15,rank=2,start=25,rank=3,start=40,rank=4,start=1,rank=5,start=20,rank=6,start=1,rank=7,start=20 --cdrecord


--stillpics /home/fab/A.jpg,/home/fab/B.jpg,/home/fab/C.jpg-/home/fab/B.jpg-/home/fab/B.jpg---/home/fab/A.jpg --stilloptions rank=0,starteffect=fade,endeffect=dissolve,rank=1,starteffect=fade,endeffect=dissolve,rank=2,starteffect=fade,endeffect=dissolve,rank=3,starteffect=fade,endeffect=dissolve -t 


Active menus: 
everything seems to be normal except that:

1) there is a _SV.VOB copy of top menu images with a different VM coding for links:
for tracks:
 0x20 02 00 00 00 00 00 rank instead of 0x30 0A ....in TS.VOB
rank of track in same group only, 0-based.
for menus:
 0x20 03 00 00 00 00 00 (rank-1) for menu #rank, rank=1,2,...
instead of 0x20 04 00 00 00 00 00 rank in _TS.VOB
A commercial DVD-A has:
 0x20 02 00 00 00 00 04 (rank+1) for Next
 0x20 02 00 00 00 00 08 (rank+1) for Previous pour track >0 (ie if Previous is not first)
 0x20 02 00 00 00 00 0C 01   for Previous to first track.
and
 0x71 02 00 05 00 00 00 0C 
 for back to top menu

Stillvob navigation may be independent from topmenu navigation and may exist without top menu.

TODO: test whether SV.VOB can be derived from TS.VOB by copying and altering bits rather than relaunching dvdauthor.

2) img->options->manual=1 is enforced.
3) in AUDIO_SV.VOB there is a k-th duplication of k mpg files, in the following sequence:
1-2-3-....-k-1-2-3....-k-1...-k   (k times)
resulting in size of VOB file being k² sizeof(menu screen mpg).
with k the number of (sub) menus. Number of tracks does not seem to be relevant. Each submenu must link to a	 set of tracks and menus in complementary distribution to  the other tracks.
The pth serial item may be marginally different from the others.


issues:

-g ~/a.wav ~/a.wav  ~/a.wav -g ~/a.wav ~/a.wav  ~/a.wav -g  ~/a.wav ~/a.wav -t  --workdir ~/Dev/dvda-author-09.09  -o dir --topmenu   --nmenus 3 --colors refresh --cdrecord

Uner windows, --workdir c:\  not --wordir c: yet --wordir c:\audio or --workdir c:\audio




c:\dvda-author-10.06\spumux -v 2 c:\newtempdir\spu_xmltemp_3.xml < c:\newtempdir\background_movie_3.mpg > c:\newtempdir\topmenu3]]>
			</notes>
		</Option>
		<Build>
			<Target title="Release">
				<Option output="bin/Release/dvda-author" prefix_auto="1" extension_auto="1" />
				<Option object_output="obj/Release/" />
				<Option type="1" />
				<Option compiler="gcc" />
				<Option parameters="--project ~/Dev/dvda-author-10.06/dvda-author2.dap" />
				<Option projectCompilerOptionsRelation="2" />
				<Compiler>
					<Add option="-march=i686" />
					<Add option="-O3" />
					<Add option="-g" />
					<Add option="-std=c99" />
					<Add option="-D__CB__" />
					<Add option="-D_FILE_OFFSET_BITS=64" />
					<Add option="-D_GNU_SOURCE" />
					<Add option="-DFLAC__HAS_OGG" />
					<Add option="-DLONG_OPTIONS" />
					<Add option="-D_LARGEFILE_SOURCE" />
					<Add option="-D_LARGE_FILES" />
					<Add option="-DALWAYS_INLINE" />
					<Add option="-DHAVE_UNISTD_H" />
					<Add option="-DHAVE_DVDAUTHOR_PATCH" />
					<Add option="-DHAVE_LPLEX" />
					<Add directory="../../src/include" />
					<Add directory="../../libutils/src/include" />
					<Add directory="../../libfixwav/src/include" />
					<Add directory="../../libats2wav" />
					<Add directory="../../" />
					<Add directory="../../libats2wav/src/include" />
					<Add directory="../../libiberty/src/include" />
					<Add directory="../../libs/include" />
					<Add directory="../../libs/include/libsoxconvert" />
				</Compiler>
				<Linker>
					<Add option="-lFLAC -lsox -logg" />
					<Add option="-Xlinker --allow-multiple-definition" />
					<Add library="../libc_utils/libc_utils.a" />
					<Add library="../libfixwav/bin/Release/libfixwav-1.3.a" />
					<Add library="../libats2wav/libats2wav.a" />
					<Add directory="../libutils" />
					<Add directory="../../libutils/include" />
					<Add directory="../libogg" />
					<Add directory="../libfixwav/bin/Release" />
					<Add directory="../libats2wav" />
					<Add directory="/usr/lib" />
					<Add directory="/usr/lib/sox" />
					<Add directory="/usr/local/lib" />
					<Add directory="../../libs" />
					<Add directory="../../libiberty" />
				</Linker>
			</Target>
		</Build>
		<Compiler>
			<Add option="-Wall" />
			<Add option="-g" />
			<Add option="-D_GNU_SOURCE" />
		</Compiler>
		<Unit filename="../../ChangeLog" />
		<Unit filename="../../EXAMPLES" />
		<Unit filename="../../HOWTO.conf" />
		<Unit filename="../../INSTALL" />
		<Unit filename="../../Makefile.am" />
		<Unit filename="../../README" />
		<Unit filename="../../autogen" />
		<Unit filename="../../configure.ac" />
		<Unit filename="../../dvda-author.dap" />
		<Unit filename="../../dvda-author.nsi.in" />
		<Unit filename="../../dvda-author2.dap" />
		<Unit filename="../../dvda-author3.dap" />
		<Unit filename="../../libats2wav/src/Makefile.am" />
		<Unit filename="../../libfixwav/Makefile.am" />
		<Unit filename="../../libfixwav/src/Makefile.am" />
		<Unit filename="../../libiberty/Makefile.am" />
		<Unit filename="../../libiberty/src/Makefile.am" />
		<Unit filename="../../libiberty/src/getopt.c">
			<Option compilerVar="CC" />
		</Unit>
		<Unit filename="../../libiberty/src/getopt1.c">
			<Option compilerVar="CC" />
		</Unit>
		<Unit filename="../../libiberty/src/getsubopt.c">
			<Option compilerVar="CC" />
		</Unit>
		<Unit filename="../../libiberty/src/include/getopt.h" />
		<Unit filename="../../libiberty/src/include/getopt_int.h" />
		<Unit filename="../../libiberty/src/include/getsubopt.h" />
		<Unit filename="../../libiberty/src/include/strchrnul.h" />
		<Unit filename="../../libiberty/src/include/strdup.h" />
		<Unit filename="../../libiberty/src/include/strndup.h" />
		<Unit filename="../../libiberty/src/include/strnlen.h" />
		<Unit filename="../../libiberty/src/malloc.c">
			<Option compilerVar="CC" />
		</Unit>
		<Unit filename="../../libiberty/src/strchrnul.c">
			<Option compilerVar="CC" />
		</Unit>
		<Unit filename="../../libiberty/src/strdup.c">
			<Option compilerVar="CC" />
		</Unit>
		<Unit filename="../../libiberty/src/strndup.c">
			<Option compilerVar="CC" />
		</Unit>
		<Unit filename="../../libiberty/src/strnlen.c">
			<Option compilerVar="CC" />
		</Unit>
		<Unit filename="../../libutils/src/Makefile.am" />
		<Unit filename="../../m4/acinclude.m4" />
		<Unit filename="../../m4/auxiliary.m4" />
		<Unit filename="../../m4/dependencies.m4" />
		<Unit filename="../../m4/dvda.m4" />
		<Unit filename="../../script.in" />
		<Unit filename="../../script1.in" />
		<Unit filename="../../script2.in" />
		<Unit filename="../../src/Makefile.am" />
		<Unit filename="../../src/amg2.c">
			<Option compilerVar="CC" />
		</Unit>
		<Unit filename="../../src/asvs.c">
			<Option compilerVar="CC" />
		</Unit>
		<Unit filename="../../src/ats.c">
			<Option compilerVar="CC" />
			<Option compiler="gcc" use="0" buildCommand="$compiler $options -ftree-parallelize-loops=4 $includes -c $file -o $object " />
		</Unit>
		<Unit filename="../../src/atsi2.c">
			<Option compilerVar="CC" />
		</Unit>
		<Unit filename="../../src/audio.c">
			<Option compilerVar="CC" />
			<Option compiler="gcc" use="0" buildCommand="$compiler $options -ftree-parallelize-loops=4 $includes -c $file -o $object" />
		</Unit>
		<Unit filename="../../src/auxiliary.c">
			<Option compilerVar="CC" />
		</Unit>
		<Unit filename="../../src/command_line_parsing.c">
			<Option compilerVar="CC" />
		</Unit>
		<Unit filename="../../src/dvda-author2.c">
			<Option compilerVar="CC" />
		</Unit>
		<Unit filename="../../src/file_input_parsing.c">
			<Option compilerVar="CC" />
		</Unit>
		<Unit filename="../../src/include/amg.h" />
		<Unit filename="../../src/include/asvs.h" />
		<Unit filename="../../src/include/ats.h" />
		<Unit filename="../../src/include/atsi.h" />
		<Unit filename="../../src/include/audio2.h" />
		<Unit filename="../../src/include/auxiliary.h" />
		<Unit filename="../../src/include/command_line_parsing.h" />
		<Unit filename="../../src/include/commonvars.h" />
		<Unit filename="../../src/include/dvda-author.h" />
		<Unit filename="../../src/include/file_input_parsing.h" />
		<Unit filename="../../src/include/launch_manager.h" />
		<Unit filename="../../src/include/lexer.h" />
		<Unit filename="../../src/include/libsoxconvert.h" />
		<Unit filename="../../src/include/menu.h" />
		<Unit filename="../../src/include/multichannel.h" />
		<Unit filename="../../src/include/ports.h" />
		<Unit filename="../../src/include/samg.h" />
		<Unit filename="../../src/include/sound.h" />
		<Unit filename="../../src/include/structures.h" />
		<Unit filename="../../src/include/videoimport.h" />
		<Unit filename="../../src/include/xml.h" />
		<Unit filename="../../src/launch_manager.c">
			<Option compilerVar="CC" />
		</Unit>
		<Unit filename="../../src/lexer.c">
			<Option compilerVar="CC" />
		</Unit>
		<Unit filename="../../src/libsoxconvert.c">
			<Option compilerVar="CC" />
		</Unit>
		<Unit filename="../../src/menu.c">
			<Option compilerVar="CC" />
		</Unit>
		<Unit filename="../../src/samg2.c">
			<Option compilerVar="CC" />
		</Unit>
		<Unit filename="../../src/sound.c">
			<Option compilerVar="CC" />
		</Unit>
		<Unit filename="../../src/videoimport.c">
			<Option compilerVar="CC" />
		</Unit>
		<Unit filename="../../src/xml.c">
			<Option compilerVar="CC" />
		</Unit>
		<Extensions>
			<envvars />
			<code_completion />
			<debugger />
			<lib_finder disable_auto="1" />
		</Extensions>
	</Project>
</CodeBlocks_project_file>
