<?xml version="1.0" encoding="UTF-8" standalone="yes" ?>
<CodeBlocks_project_file>
	<FileVersion major="1" minor="6" />
	<Project>
		<Option title="libfixwav" />
		<Option pch_mode="2" />
		<Option compiler="gcc" />
		<Build>
			<Target title="Release">
				<Option output="bin/Release/libfixwav-1.3.a" prefix_auto="0" extension_auto="0" />
				<Option working_dir="" />
				<Option object_output="obj/Release/" />
				<Option type="2" />
				<Option compiler="gcc" />
				<Option parameters="-h" />
				<Compiler>
					<Add option="-O3" />
					<Add option="-Wredundant-decls" />
					<Add option="-std=c99" />
					<Add option="-D_GNU_SOURCE" />
					<Add option="-D_LARGEFILE_SOURCE" />
					<Add option="-D_LARGE_FILES" />
					<Add option="-D_FILE_OFFSET_BITS=64" />
					<Add option="-DALWAYS_INLINE" />
					<Add directory="../../libfixwav/src/include" />
					<Add directory="../../libutils/src/include" />
					<Add directory="../../src/include" />
					<Add directory="../../libiberty/src/include" />
				</Compiler>
				<Linker>
					<Add option="-s" />
					<Add option="-Xlinker --warn-unresolved-symbols" />
					<Add library="../libc_utils/libc_utils.a" />
					<Add directory="../libc_utils" />
					<Add directory="../dvda-author/obj/Release/libiberty/src" />
				</Linker>
			</Target>
		</Build>
		<Compiler>
			<Add option="-march=i686" />
			<Add option="-O3" />
			<Add option="-w" />
		</Compiler>
		<Linker>
			<Add option="-s" />
		</Linker>
		<Unit filename="../../libfixwav/src/auxiliary.c">
			<Option compilerVar="CC" />
		</Unit>
		<Unit filename="../../libfixwav/src/checkData.c">
			<Option compilerVar="CC" />
		</Unit>
		<Unit filename="../../libfixwav/src/checkParameters.c">
			<Option compilerVar="CC" />
		</Unit>
		<Unit filename="../../libfixwav/src/include/audio.h" />
		<Unit filename="../../libfixwav/src/include/checkData.h" />
		<Unit filename="../../libfixwav/src/include/checkParameters.h" />
		<Unit filename="../../libfixwav/src/include/fixwav.h" />
		<Unit filename="../../libfixwav/src/include/fixwav_auxiliary.h" />
		<Unit filename="../../libfixwav/src/include/fixwav_manager.h" />
		<Unit filename="../../libfixwav/src/include/launch_fixwav.h" />
		<Unit filename="../../libfixwav/src/include/readHeader.h" />
		<Unit filename="../../libfixwav/src/include/repair.h" />
		<Unit filename="../../libfixwav/src/manager.c">
			<Option compilerVar="CC" />
		</Unit>
		<Unit filename="../../libfixwav/src/readHeader.c">
			<Option compilerVar="CC" />
		</Unit>
		<Unit filename="../../libfixwav/src/repair.c">
			<Option compilerVar="CC" />
		</Unit>
		<Extensions>
			<code_completion />
			<envvars />
			<debugger />
			<lib_finder disable_auto="1" />
		</Extensions>
	</Project>
</CodeBlocks_project_file>
